# THIS IS AN AUTOGENERATED FILE. DO NOT EDIT THIS FILE DIRECTLY.
# yarn lockfile v1


"@babel/runtime-corejs3@^7.12.1":
  version "7.12.1"
  resolved "https://registry.yarnpkg.com/@babel/runtime-corejs3/-/runtime-corejs3-7.12.1.tgz#51b9092befbeeed938335a109dbe0df51451e9dc"
  integrity sha512-umhPIcMrlBZ2aTWlWjUseW9LjQKxi1dpFlQS8DzsxB//5K+u6GLTC/JliPKHsd5kJVPIU6X/Hy0YvWOYPcMxBw==
  dependencies:
    core-js-pure "^3.0.0"
    regenerator-runtime "^0.13.4"

core-js-pure@^3.0.0:
  version "3.6.5"
  resolved "https://registry.yarnpkg.com/core-js-pure/-/core-js-pure-3.6.5.tgz#c79e75f5e38dbc85a662d91eea52b8256d53b813"
  integrity sha512-lacdXOimsiD0QyNf9BC/mxivNJ/ybBGJXQFKzRekp1WTHoVUWsUHEn+2T8GJAzzIhyOuXA+gOxCVN3l+5PLPUA==

regenerator-runtime@^0.13.4:
  version "0.13.7"
  resolved "https://registry.yarnpkg.com/regenerator-runtime/-/regenerator-runtime-0.13.7.tgz#cac2dacc8a1ea675feaabaeb8ae833898ae46f55"
  integrity sha512-a54FxoJDIr27pgf7IgeQGxmqUNYrcV338lf/6gH456HZ/PhX+5BcwHXG9ajESmwe6WRO0tAzRUrRmNONWgkrew==

xregexp@^4.4.0:
  version "4.4.0"
  resolved "https://registry.yarnpkg.com/xregexp/-/xregexp-4.4.0.tgz#29660f5d6567cd2ef981dd4a50cb05d22c10719d"
  integrity sha512-83y4aa8o8o4NZe+L+46wpa+F1cWR/wCGOWI3tzqUso0w3/KAvXy0+Di7Oe/cbNMixDR4Jmi7NEybWU6ps25Wkg==
  dependencies:
    "@babel/runtime-corejs3" "^7.12.1"
